// !$*UTF8*$!
{
	archiveVersion = 1;
	classes = {
	};
	objectVersion = 56;
	objects = {

/* Begin PBXBuildFile section */
		8831013B2ADDE37F000C5ADC /* test.cpp in Sources */ = {isa = PBXBuildFile; fileRef = 8831012D2ADDE37F000C5ADC /* test.cpp */; };
		8831013C2ADDE37F000C5ADC /* ciphers.cpp in Sources */ = {isa = PBXBuildFile; fileRef = 8831012F2ADDE37F000C5ADC /* ciphers.cpp */; };
		8831013D2ADDE37F000C5ADC /* utility.cpp in Sources */ = {isa = PBXBuildFile; fileRef = 883101312ADDE37F000C5ADC /* utility.cpp */; };
		8831013E2ADDE37F000C5ADC /* polybius.cpp in Sources */ = {isa = PBXBuildFile; fileRef = 883101322ADDE37F000C5ADC /* polybius.cpp */; };
		8831013F2ADDE37F000C5ADC /* caesar.cpp in Sources */ = {isa = PBXBuildFile; fileRef = 883101332ADDE37F000C5ADC /* caesar.cpp */; };
		883101402ADDE37F000C5ADC /* start.cpp in Sources */ = {isa = PBXBuildFile; fileRef = 883101342ADDE37F000C5ADC /* start.cpp */; };
		883101412ADDE37F000C5ADC /* vigenere.cpp in Sources */ = {isa = PBXBuildFile; fileRef = 8831013A2ADDE37F000C5ADC /* vigenere.cpp */; };
/* End PBXBuildFile section */

/* Begin PBXCopyFilesBuildPhase section */
		883101212ADDE33D000C5ADC /* CopyFiles */ = {
			isa = PBXCopyFilesBuildPhase;
			buildActionMask = 2147483647;
			dstPath = /usr/share/man/man1/;
			dstSubfolderSpec = 0;
			files = (
			);
			runOnlyForDeploymentPostprocessing = 1;
		};
/* End PBXCopyFilesBuildPhase section */

/* Begin PBXFileReference section */
		883101232ADDE33D000C5ADC /* Anzhul_Mason Project 3 */ = {isa = PBXFileReference; explicitFileType = "compiled.mach-o.executable"; includeInIndex = 0; path = "Anzhul_Mason Project 3"; sourceTree = BUILT_PRODUCTS_DIR; };
		8831012D2ADDE37F000C5ADC /* test.cpp */ = {isa = PBXFileReference; fileEncoding = 4; lastKnownFileType = sourcecode.cpp.cpp; path = test.cpp; sourceTree = "<group>"; };
		8831012E2ADDE37F000C5ADC /* vigenere.h */ = {isa = PBXFileReference; fileEncoding = 4; lastKnownFileType = sourcecode.c.h; path = vigenere.h; sourceTree = "<group>"; };
		8831012F2ADDE37F000C5ADC /* ciphers.cpp */ = {isa = PBXFileReference; fileEncoding = 4; lastKnownFileType = sourcecode.cpp.cpp; path = ciphers.cpp; sourceTree = "<group>"; };
		883101302ADDE37F000C5ADC /* caesar.h */ = {isa = PBXFileReference; fileEncoding = 4; lastKnownFileType = sourcecode.c.h; path = caesar.h; sourceTree = "<group>"; };
		883101312ADDE37F000C5ADC /* utility.cpp */ = {isa = PBXFileReference; fileEncoding = 4; lastKnownFileType = sourcecode.cpp.cpp; path = utility.cpp; sourceTree = "<group>"; };
		883101322ADDE37F000C5ADC /* polybius.cpp */ = {isa = PBXFileReference; fileEncoding = 4; lastKnownFileType = sourcecode.cpp.cpp; path = polybius.cpp; sourceTree = "<group>"; };
		883101332ADDE37F000C5ADC /* caesar.cpp */ = {isa = PBXFileReference; fileEncoding = 4; lastKnownFileType = sourcecode.cpp.cpp; path = caesar.cpp; sourceTree = "<group>"; };
		883101342ADDE37F000C5ADC /* start.cpp */ = {isa = PBXFileReference; fileEncoding = 4; lastKnownFileType = sourcecode.cpp.cpp; path = start.cpp; sourceTree = "<group>"; };
		883101352ADDE37F000C5ADC /* polybius.h */ = {isa = PBXFileReference; fileEncoding = 4; lastKnownFileType = sourcecode.c.h; path = polybius.h; sourceTree = "<group>"; };
		883101362ADDE37F000C5ADC /* build */ = {isa = PBXFileReference; lastKnownFileType = folder; path = build; sourceTree = "<group>"; };
		883101372ADDE37F000C5ADC /* output */ = {isa = PBXFileReference; lastKnownFileType = folder; path = output; sourceTree = "<group>"; };
		883101382ADDE37F000C5ADC /* test.h */ = {isa = PBXFileReference; fileEncoding = 4; lastKnownFileType = sourcecode.c.h; path = test.h; sourceTree = "<group>"; };
		883101392ADDE37F000C5ADC /* utility.h */ = {isa = PBXFileReference; fileEncoding = 4; lastKnownFileType = sourcecode.c.h; path = utility.h; sourceTree = "<group>"; };
		8831013A2ADDE37F000C5ADC /* vigenere.cpp */ = {isa = PBXFileReference; fileEncoding = 4; lastKnownFileType = sourcecode.cpp.cpp; path = vigenere.cpp; sourceTree = "<group>"; };
/* End PBXFileReference section */

/* Begin PBXFrameworksBuildPhase section */
		883101202ADDE33D000C5ADC /* Frameworks */ = {
			isa = PBXFrameworksBuildPhase;
			buildActionMask = 2147483647;
			files = (
			);
			runOnlyForDeploymentPostprocessing = 0;
		};
/* End PBXFrameworksBuildPhase section */

/* Begin PBXGroup section */
		8831011A2ADDE33D000C5ADC = {
			isa = PBXGroup;
			children = (
				883101362ADDE37F000C5ADC /* build */,
				883101332ADDE37F000C5ADC /* caesar.cpp */,
				883101302ADDE37F000C5ADC /* caesar.h */,
				8831012F2ADDE37F000C5ADC /* ciphers.cpp */,
				883101372ADDE37F000C5ADC /* output */,
				883101322ADDE37F000C5ADC /* polybius.cpp */,
				883101352ADDE37F000C5ADC /* polybius.h */,
				883101342ADDE37F000C5ADC /* start.cpp */,
				8831012D2ADDE37F000C5ADC /* test.cpp */,
				883101382ADDE37F000C5ADC /* test.h */,
				883101312ADDE37F000C5ADC /* utility.cpp */,
				883101392ADDE37F000C5ADC /* utility.h */,
				8831013A2ADDE37F000C5ADC /* vigenere.cpp */,
				8831012E2ADDE37F000C5ADC /* vigenere.h */,
				883101252ADDE33D000C5ADC /* Anzhul_Mason Project 3 */,
				883101242ADDE33D000C5ADC /* Products */,
			);
			sourceTree = "<group>";
		};
		883101242ADDE33D000C5ADC /* Products */ = {
			isa = PBXGroup;
			children = (
				883101232ADDE33D000C5ADC /* Anzhul_Mason Project 3 */,
			);
			name = Products;
			sourceTree = "<group>";
		};
		883101252ADDE33D000C5ADC /* Anzhul_Mason Project 3 */ = {
			isa = PBXGroup;
			children = (
			);
			path = "Anzhul_Mason Project 3";
			sourceTree = "<group>";
		};
/* End PBXGroup section */

/* Begin PBXNativeTarget section */
		883101222ADDE33D000C5ADC /* Anzhul_Mason Project 3 */ = {
			isa = PBXNativeTarget;
			buildConfigurationList = 8831012A2ADDE33D000C5ADC /* Build configuration list for PBXNativeTarget "Anzhul_Mason Project 3" */;
			buildPhases = (
				8831011F2ADDE33D000C5ADC /* Sources */,
				883101202ADDE33D000C5ADC /* Frameworks */,
				883101212ADDE33D000C5ADC /* CopyFiles */,
			);
			buildRules = (
			);
			dependencies = (
			);
			name = "Anzhul_Mason Project 3";
			productName = "Anzhul_Mason Project 3";
			productReference = 883101232ADDE33D000C5ADC /* Anzhul_Mason Project 3 */;
			productType = "com.apple.product-type.tool";
		};
/* End PBXNativeTarget section */

/* Begin PBXProject section */
		8831011B2ADDE33D000C5ADC /* Project object */ = {
			isa = PBXProject;
			attributes = {
				BuildIndependentTargetsInParallel = 1;
				LastUpgradeCheck = 1500;
				TargetAttributes = {
					883101222ADDE33D000C5ADC = {
						CreatedOnToolsVersion = 15.0;
					};
				};
			};
			buildConfigurationList = 8831011E2ADDE33D000C5ADC /* Build configuration list for PBXProject "Anzhul_Mason Project 3" */;
			compatibilityVersion = "Xcode 14.0";
			developmentRegion = en;
			hasScannedForEncodings = 0;
			knownRegions = (
				en,
				Base,
			);
			mainGroup = 8831011A2ADDE33D000C5ADC;
			productRefGroup = 883101242ADDE33D000C5ADC /* Products */;
			projectDirPath = "";
			projectRoot = "";
			targets = (
				883101222ADDE33D000C5ADC /* Anzhul_Mason Project 3 */,
			);
		};
/* End PBXProject section */

/* Begin PBXSourcesBuildPhase section */
		8831011F2ADDE33D000C5ADC /* Sources */ = {
			isa = PBXSourcesBuildPhase;
			buildActionMask = 2147483647;
			files = (
				8831013E2ADDE37F000C5ADC /* polybius.cpp in Sources */,
				8831013D2ADDE37F000C5ADC /* utility.cpp in Sources */,
				8831013C2ADDE37F000C5ADC /* ciphers.cpp in Sources */,
				8831013B2ADDE37F000C5ADC /* test.cpp in Sources */,
				883101402ADDE37F000C5ADC /* start.cpp in Sources */,
				8831013F2ADDE37F000C5ADC /* caesar.cpp in Sources */,
				883101412ADDE37F000C5ADC /* vigenere.cpp in Sources */,
			);
			runOnlyForDeploymentPostprocessing = 0;
		};
/* End PBXSourcesBuildPhase section */

/* Begin XCBuildConfiguration section */
		883101282ADDE33D000C5ADC /* Debug */ = {
			isa = XCBuildConfiguration;
			buildSettings = {
				ALWAYS_SEARCH_USER_PATHS = NO;
				ASSETCATALOG_COMPILER_GENERATE_SWIFT_ASSET_SYMBOL_EXTENSIONS = YES;
				CLANG_ANALYZER_NONNULL = YES;
				CLANG_ANALYZER_NUMBER_OBJECT_CONVERSION = YES_AGGRESSIVE;
				CLANG_CXX_LANGUAGE_STANDARD = "gnu++20";
				CLANG_ENABLE_MODULES = YES;
				CLANG_ENABLE_OBJC_ARC = YES;
				CLANG_ENABLE_OBJC_WEAK = YES;
				CLANG_WARN_BLOCK_CAPTURE_AUTORELEASING = YES;
				CLANG_WARN_BOOL_CONVERSION = YES;
				CLANG_WARN_COMMA = YES;
				CLANG_WARN_CONSTANT_CONVERSION = YES;
				CLANG_WARN_DEPRECATED_OBJC_IMPLEMENTATIONS = YES;
				CLANG_WARN_DIRECT_OBJC_ISA_USAGE = YES_ERROR;
				CLANG_WARN_DOCUMENTATION_COMMENTS = YES;
				CLANG_WARN_EMPTY_BODY = YES;
				CLANG_WARN_ENUM_CONVERSION = YES;
				CLANG_WARN_INFINITE_RECURSION = YES;
				CLANG_WARN_INT_CONVERSION = YES;
				CLANG_WARN_NON_LITERAL_NULL_CONVERSION = YES;
				CLANG_WARN_OBJC_IMPLICIT_RETAIN_SELF = YES;
				CLANG_WARN_OBJC_LITERAL_CONVERSION = YES;
				CLANG_WARN_OBJC_ROOT_CLASS = YES_ERROR;
				CLANG_WARN_QUOTED_INCLUDE_IN_FRAMEWORK_HEADER = YES;
				CLANG_WARN_RANGE_LOOP_ANALYSIS = YES;
				CLANG_WARN_STRICT_PROTOTYPES = YES;
				CLANG_WARN_SUSPICIOUS_MOVE = YES;
				CLANG_WARN_UNGUARDED_AVAILABILITY = YES_AGGRESSIVE;
				CLANG_WARN_UNREACHABLE_CODE = YES;
				CLANG_WARN__DUPLICATE_METHOD_MATCH = YES;
				COPY_PHASE_STRIP = NO;
				DEBUG_INFORMATION_FORMAT = dwarf;
				ENABLE_STRICT_OBJC_MSGSEND = YES;
				ENABLE_TESTABILITY = YES;
				ENABLE_USER_SCRIPT_SANDBOXING = YES;
				GCC_C_LANGUAGE_STANDARD = gnu17;
				GCC_DYNAMIC_NO_PIC = NO;
				GCC_NO_COMMON_BLOCKS = YES;
				GCC_OPTIMIZATION_LEVEL = 0;
				GCC_PREPROCESSOR_DEFINITIONS = (
					"DEBUG=1",
					"$(inherited)",
				);
				GCC_WARN_64_TO_32_BIT_CONVERSION = YES;
				GCC_WARN_ABOUT_RETURN_TYPE = YES_ERROR;
				GCC_WARN_UNDECLARED_SELECTOR = YES;
				GCC_WARN_UNINITIALIZED_AUTOS = YES_AGGRESSIVE;
				GCC_WARN_UNUSED_FUNCTION = YES;
				GCC_WARN_UNUSED_VARIABLE = YES;
				LOCALIZATION_PREFERS_STRING_CATALOGS = YES;
				MACOSX_DEPLOYMENT_TARGET = 14.0;
				MTL_ENABLE_DEBUG_INFO = INCLUDE_SOURCE;
				MTL_FAST_MATH = YES;
				ONLY_ACTIVE_ARCH = YES;
				SDKROOT = macosx;
			};
			name = Debug;
		};
		883101292ADDE33D000C5ADC /* Release */ = {
			isa = XCBuildConfiguration;
			buildSettings = {
				ALWAYS_SEARCH_USER_PATHS = NO;
				ASSETCATALOG_COMPILER_GENERATE_SWIFT_ASSET_SYMBOL_EXTENSIONS = YES;
				CLANG_ANALYZER_NONNULL = YES;
				CLANG_ANALYZER_NUMBER_OBJECT_CONVERSION = YES_AGGRESSIVE;
				CLANG_CXX_LANGUAGE_STANDARD = "gnu++20";
				CLANG_ENABLE_MODULES = YES;
				CLANG_ENABLE_OBJC_ARC = YES;
				CLANG_ENABLE_OBJC_WEAK = YES;
				CLANG_WARN_BLOCK_CAPTURE_AUTORELEASING = YES;
				CLANG_WARN_BOOL_CONVERSION = YES;
				CLANG_WARN_COMMA = YES;
				CLANG_WARN_CONSTANT_CONVERSION = YES;
				CLANG_WARN_DEPRECATED_OBJC_IMPLEMENTATIONS = YES;
				CLANG_WARN_DIRECT_OBJC_ISA_USAGE = YES_ERROR;
				CLANG_WARN_DOCUMENTATION_COMMENTS = YES;
				CLANG_WARN_EMPTY_BODY = YES;
				CLANG_WARN_ENUM_CONVERSION = YES;
				CLANG_WARN_INFINITE_RECURSION = YES;
				CLANG_WARN_INT_CONVERSION = YES;
				CLANG_WARN_NON_LITERAL_NULL_CONVERSION = YES;
				CLANG_WARN_OBJC_IMPLICIT_RETAIN_SELF = YES;
				CLANG_WARN_OBJC_LITERAL_CONVERSION = YES;
				CLANG_WARN_OBJC_ROOT_CLASS = YES_ERROR;
				CLANG_WARN_QUOTED_INCLUDE_IN_FRAMEWORK_HEADER = YES;
				CLANG_WARN_RANGE_LOOP_ANALYSIS = YES;
				CLANG_WARN_STRICT_PROTOTYPES = YES;
				CLANG_WARN_SUSPICIOUS_MOVE = YES;
				CLANG_WARN_UNGUARDED_AVAILABILITY = YES_AGGRESSIVE;
				CLANG_WARN_UNREACHABLE_CODE = YES;
				CLANG_WARN__DUPLICATE_METHOD_MATCH = YES;
				COPY_PHASE_STRIP = NO;
				DEBUG_INFORMATION_FORMAT = "dwarf-with-dsym";
				ENABLE_NS_ASSERTIONS = NO;
				ENABLE_STRICT_OBJC_MSGSEND = YES;
				ENABLE_USER_SCRIPT_SANDBOXING = YES;
				GCC_C_LANGUAGE_STANDARD = gnu17;
				GCC_NO_COMMON_BLOCKS = YES;
				GCC_WARN_64_TO_32_BIT_CONVERSION = YES;
				GCC_WARN_ABOUT_RETURN_TYPE = YES_ERROR;
				GCC_WARN_UNDECLARED_SELECTOR = YES;
				GCC_WARN_UNINITIALIZED_AUTOS = YES_AGGRESSIVE;
				GCC_WARN_UNUSED_FUNCTION = YES;
				GCC_WARN_UNUSED_VARIABLE = YES;
				LOCALIZATION_PREFERS_STRING_CATALOGS = YES;
				MACOSX_DEPLOYMENT_TARGET = 14.0;
				MTL_ENABLE_DEBUG_INFO = NO;
				MTL_FAST_MATH = YES;
				SDKROOT = macosx;
			};
			name = Release;
		};
		8831012B2ADDE33D000C5ADC /* Debug */ = {
			isa = XCBuildConfiguration;
			buildSettings = {
				CODE_SIGN_STYLE = Automatic;
				PRODUCT_NAME = "$(TARGET_NAME)";
			};
			name = Debug;
		};
		8831012C2ADDE33D000C5ADC /* Release */ = {
			isa = XCBuildConfiguration;
			buildSettings = {
				CODE_SIGN_STYLE = Automatic;
				PRODUCT_NAME = "$(TARGET_NAME)";
			};
			name = Release;
		};
/* End XCBuildConfiguration section */

/* Begin XCConfigurationList section */
		8831011E2ADDE33D000C5ADC /* Build configuration list for PBXProject "Anzhul_Mason Project 3" */ = {
			isa = XCConfigurationList;
			buildConfigurations = (
				883101282ADDE33D000C5ADC /* Debug */,
				883101292ADDE33D000C5ADC /* Release */,
			);
			defaultConfigurationIsVisible = 0;
			defaultConfigurationName = Release;
		};
		8831012A2ADDE33D000C5ADC /* Build configuration list for PBXNativeTarget "Anzhul_Mason Project 3" */ = {
			isa = XCConfigurationList;
			buildConfigurations = (
				8831012B2ADDE33D000C5ADC /* Debug */,
				8831012C2ADDE33D000C5ADC /* Release */,
			);
			defaultConfigurationIsVisible = 0;
			defaultConfigurationName = Release;
		};
/* End XCConfigurationList section */
	};
	rootObject = 8831011B2ADDE33D000C5ADC /* Project object */;
}
